
Microsoft Visual Studio Solution File, Format Version 12.00
Project("{FAE04EC0-301F-11D3-BF4B-00C04F79EFBC}") = "Program", "Program\Program.csproj", "{DCB1FA3F-3165-416C-BA21-8B8F3167190A}"
EndProject
Global
	GlobalSection(SolutionConfigurationPlatforms) = preSolution
		Debug|Any CPU = Debug|Any CPU
		Release|Any CPU = Release|Any CPU
	EndGlobalSection
	GlobalSection(ProjectConfigurationPlatforms) = postSolution
		{DCB1FA3F-3165-416C-BA21-8B8F3167190A}.Debug|Any CPU.ActiveCfg = Debug|Any CPU
		{DCB1FA3F-3165-416C-BA21-8B8F3167190A}.Debug|Any CPU.Build.0 = Debug|Any CPU
		{DCB1FA3F-3165-416C-BA21-8B8F3167190A}.Release|Any CPU.ActiveCfg = Release|Any CPU
		{DCB1FA3F-3165-416C-BA21-8B8F3167190A}.Release|Any CPU.Build.0 = Release|Any CPU
	EndGlobalSection
EndGlobal
